// !$*UTF8*$!
{
	archiveVersion = 1;
	classes = {
	};
	objectVersion = 55;
	objects = {

/* Begin PBXBuildFile section */
		1D02D96927C315FF0056B91B /* Async_Wait_UnitTestApp.swift in Sources */ = {isa = PBXBuildFile; fileRef = 1D02D96827C315FF0056B91B /* Async_Wait_UnitTestApp.swift */; };
		1D02D96B27C315FF0056B91B /* SendMessageView.swift in Sources */ = {isa = PBXBuildFile; fileRef = 1D02D96A27C315FF0056B91B /* SendMessageView.swift */; };
		1D02D96D27C316010056B91B /* Assets.xcassets in Resources */ = {isa = PBXBuildFile; fileRef = 1D02D96C27C316010056B91B /* Assets.xcassets */; };
		1D02D97027C316010056B91B /* Preview Assets.xcassets in Resources */ = {isa = PBXBuildFile; fileRef = 1D02D96F27C316010056B91B /* Preview Assets.xcassets */; };
		1D02D97A27C316010056B91B /* SendMessageViewModelTests.swift in Sources */ = {isa = PBXBuildFile; fileRef = 1D02D97927C316010056B91B /* SendMessageViewModelTests.swift */; };
		1D02D98427C316010056B91B /* Async_Wait_UnitTestUITests.swift in Sources */ = {isa = PBXBuildFile; fileRef = 1D02D98327C316010056B91B /* Async_Wait_UnitTestUITests.swift */; };
		1D02D98627C316010056B91B /* Async_Wait_UnitTestUITestsLaunchTests.swift in Sources */ = {isa = PBXBuildFile; fileRef = 1D02D98527C316010056B91B /* Async_Wait_UnitTestUITestsLaunchTests.swift */; };
		1D02D99327C316660056B91B /* SendMessageViewModel.swift in Sources */ = {isa = PBXBuildFile; fileRef = 1D02D99227C316660056B91B /* SendMessageViewModel.swift */; };
		1D02D99727C31F0B0056B91B /* MainBuilder.swift in Sources */ = {isa = PBXBuildFile; fileRef = 1D02D99627C31F0B0056B91B /* MainBuilder.swift */; };
		1D02D99A27C31F470056B91B /* MessageSenderError.swift in Sources */ = {isa = PBXBuildFile; fileRef = 1D02D99927C31F470056B91B /* MessageSenderError.swift */; };
		1D02D99C27C31F630056B91B /* MessageSender.swift in Sources */ = {isa = PBXBuildFile; fileRef = 1D02D99B27C31F630056B91B /* MessageSender.swift */; };
		1D02D99E27C31FAE0056B91B /* MessageSenderService.swift in Sources */ = {isa = PBXBuildFile; fileRef = 1D02D99D27C31FAE0056B91B /* MessageSenderService.swift */; };
		1D02D9A227C322E50056B91B /* MessageSenderMock.swift in Sources */ = {isa = PBXBuildFile; fileRef = 1D02D9A127C322E50056B91B /* MessageSenderMock.swift */; };
		1D02D9A427C323440056B91B /* XCTestCase+Extensions.swift in Sources */ = {isa = PBXBuildFile; fileRef = 1D02D9A327C323440056B91B /* XCTestCase+Extensions.swift */; };
/* End PBXBuildFile section */

/* Begin PBXContainerItemProxy section */
		1D02D97627C316010056B91B /* PBXContainerItemProxy */ = {
			isa = PBXContainerItemProxy;
			containerPortal = 1D02D95D27C315FF0056B91B /* Project object */;
			proxyType = 1;
			remoteGlobalIDString = 1D02D96427C315FF0056B91B;
			remoteInfo = "Async-Wait-UnitTest";
		};
		1D02D98027C316010056B91B /* PBXContainerItemProxy */ = {
			isa = PBXContainerItemProxy;
			containerPortal = 1D02D95D27C315FF0056B91B /* Project object */;
			proxyType = 1;
			remoteGlobalIDString = 1D02D96427C315FF0056B91B;
			remoteInfo = "Async-Wait-UnitTest";
		};
/* End PBXContainerItemProxy section */

/* Begin PBXFileReference section */
		1D02D96527C315FF0056B91B /* Async-Wait-UnitTest.app */ = {isa = PBXFileReference; explicitFileType = wrapper.application; includeInIndex = 0; path = "Async-Wait-UnitTest.app"; sourceTree = BUILT_PRODUCTS_DIR; };
		1D02D96827C315FF0056B91B /* Async_Wait_UnitTestApp.swift */ = {isa = PBXFileReference; lastKnownFileType = sourcecode.swift; path = Async_Wait_UnitTestApp.swift; sourceTree = "<group>"; };
		1D02D96A27C315FF0056B91B /* SendMessageView.swift */ = {isa = PBXFileReference; lastKnownFileType = sourcecode.swift; path = SendMessageView.swift; sourceTree = "<group>"; };
		1D02D96C27C316010056B91B /* Assets.xcassets */ = {isa = PBXFileReference; lastKnownFileType = folder.assetcatalog; path = Assets.xcassets; sourceTree = "<group>"; };
		1D02D96F27C316010056B91B /* Preview Assets.xcassets */ = {isa = PBXFileReference; lastKnownFileType = folder.assetcatalog; path = "Preview Assets.xcassets"; sourceTree = "<group>"; };
		1D02D97527C316010056B91B /* Async-Wait-UnitTestTests.xctest */ = {isa = PBXFileReference; explicitFileType = wrapper.cfbundle; includeInIndex = 0; path = "Async-Wait-UnitTestTests.xctest"; sourceTree = BUILT_PRODUCTS_DIR; };
		1D02D97927C316010056B91B /* SendMessageViewModelTests.swift */ = {isa = PBXFileReference; lastKnownFileType = sourcecode.swift; path = SendMessageViewModelTests.swift; sourceTree = "<group>"; };
		1D02D97F27C316010056B91B /* Async-Wait-UnitTestUITests.xctest */ = {isa = PBXFileReference; explicitFileType = wrapper.cfbundle; includeInIndex = 0; path = "Async-Wait-UnitTestUITests.xctest"; sourceTree = BUILT_PRODUCTS_DIR; };
		1D02D98327C316010056B91B /* Async_Wait_UnitTestUITests.swift */ = {isa = PBXFileReference; lastKnownFileType = sourcecode.swift; path = Async_Wait_UnitTestUITests.swift; sourceTree = "<group>"; };
		1D02D98527C316010056B91B /* Async_Wait_UnitTestUITestsLaunchTests.swift */ = {isa = PBXFileReference; lastKnownFileType = sourcecode.swift; path = Async_Wait_UnitTestUITestsLaunchTests.swift; sourceTree = "<group>"; };
		1D02D99227C316660056B91B /* SendMessageViewModel.swift */ = {isa = PBXFileReference; lastKnownFileType = sourcecode.swift; path = SendMessageViewModel.swift; sourceTree = "<group>"; };
		1D02D99627C31F0B0056B91B /* MainBuilder.swift */ = {isa = PBXFileReference; lastKnownFileType = sourcecode.swift; path = MainBuilder.swift; sourceTree = "<group>"; };
		1D02D99927C31F470056B91B /* MessageSenderError.swift */ = {isa = PBXFileReference; lastKnownFileType = sourcecode.swift; path = MessageSenderError.swift; sourceTree = "<group>"; };
		1D02D99B27C31F630056B91B /* MessageSender.swift */ = {isa = PBXFileReference; lastKnownFileType = sourcecode.swift; path = MessageSender.swift; sourceTree = "<group>"; };
		1D02D99D27C31FAE0056B91B /* MessageSenderService.swift */ = {isa = PBXFileReference; lastKnownFileType = sourcecode.swift; path = MessageSenderService.swift; sourceTree = "<group>"; };
		1D02D9A127C322E50056B91B /* MessageSenderMock.swift */ = {isa = PBXFileReference; lastKnownFileType = sourcecode.swift; path = MessageSenderMock.swift; sourceTree = "<group>"; };
		1D02D9A327C323440056B91B /* XCTestCase+Extensions.swift */ = {isa = PBXFileReference; lastKnownFileType = sourcecode.swift; path = "XCTestCase+Extensions.swift"; sourceTree = "<group>"; };
/* End PBXFileReference section */

/* Begin PBXFrameworksBuildPhase section */
		1D02D96227C315FF0056B91B /* Frameworks */ = {
			isa = PBXFrameworksBuildPhase;
			buildActionMask = 2147483647;
			files = (
			);
			runOnlyForDeploymentPostprocessing = 0;
		};
		1D02D97227C316010056B91B /* Frameworks */ = {
			isa = PBXFrameworksBuildPhase;
			buildActionMask = 2147483647;
			files = (
			);
			runOnlyForDeploymentPostprocessing = 0;
		};
		1D02D97C27C316010056B91B /* Frameworks */ = {
			isa = PBXFrameworksBuildPhase;
			buildActionMask = 2147483647;
			files = (
			);
			runOnlyForDeploymentPostprocessing = 0;
		};
/* End PBXFrameworksBuildPhase section */

/* Begin PBXGroup section */
		1D02D95C27C315FF0056B91B = {
			isa = PBXGroup;
			children = (
				1D02D96727C315FF0056B91B /* Async-Wait-UnitTest */,
				1D02D97827C316010056B91B /* Async-Wait-UnitTestTests */,
				1D02D98227C316010056B91B /* Async-Wait-UnitTestUITests */,
				1D02D96627C315FF0056B91B /* Products */,
			);
			sourceTree = "<group>";
		};
		1D02D96627C315FF0056B91B /* Products */ = {
			isa = PBXGroup;
			children = (
				1D02D96527C315FF0056B91B /* Async-Wait-UnitTest.app */,
				1D02D97527C316010056B91B /* Async-Wait-UnitTestTests.xctest */,
				1D02D97F27C316010056B91B /* Async-Wait-UnitTestUITests.xctest */,
			);
			name = Products;
			sourceTree = "<group>";
		};
		1D02D96727C315FF0056B91B /* Async-Wait-UnitTest */ = {
			isa = PBXGroup;
			children = (
				1D02D96E27C316010056B91B /* Preview Content */,
				1D02D99F27C320020056B91B /* Resources */,
				1D02D99427C31EE10056B91B /* App */,
			);
			path = "Async-Wait-UnitTest";
			sourceTree = "<group>";
		};
		1D02D96E27C316010056B91B /* Preview Content */ = {
			isa = PBXGroup;
			children = (
				1D02D96F27C316010056B91B /* Preview Assets.xcassets */,
			);
			path = "Preview Content";
			sourceTree = "<group>";
		};
		1D02D97827C316010056B91B /* Async-Wait-UnitTestTests */ = {
			isa = PBXGroup;
			children = (
				1D8C7B9827C3E48600FCA1BA /* Tests */,
				1D8C7B9727C3E48100FCA1BA /* Mocks */,
				1D8C7B9627C3E47100FCA1BA /* Extensions */,
			);
			path = "Async-Wait-UnitTestTests";
			sourceTree = "<group>";
		};
		1D02D98227C316010056B91B /* Async-Wait-UnitTestUITests */ = {
			isa = PBXGroup;
			children = (
				1D02D98327C316010056B91B /* Async_Wait_UnitTestUITests.swift */,
				1D02D98527C316010056B91B /* Async_Wait_UnitTestUITestsLaunchTests.swift */,
			);
			path = "Async-Wait-UnitTestUITests";
			sourceTree = "<group>";
		};
		1D02D99427C31EE10056B91B /* App */ = {
			isa = PBXGroup;
			children = (
				1D02D9A027C3204E0056B91B /* MessageSender */,
				1D02D99527C31EF00056B91B /* SendMessage */,
				1D02D99827C31F110056B91B /* Main */,
			);
			path = App;
			sourceTree = "<group>";
		};
		1D02D99527C31EF00056B91B /* SendMessage */ = {
			isa = PBXGroup;
			children = (
				1D02D96A27C315FF0056B91B /* SendMessageView.swift */,
				1D02D99227C316660056B91B /* SendMessageViewModel.swift */,
			);
			path = SendMessage;
			sourceTree = "<group>";
		};
		1D02D99827C31F110056B91B /* Main */ = {
			isa = PBXGroup;
			children = (
				1D02D96827C315FF0056B91B /* Async_Wait_UnitTestApp.swift */,
				1D02D99627C31F0B0056B91B /* MainBuilder.swift */,
			);
			path = Main;
			sourceTree = "<group>";
		};
		1D02D99F27C320020056B91B /* Resources */ = {
			isa = PBXGroup;
			children = (
				1D02D96C27C316010056B91B /* Assets.xcassets */,
			);
			path = Resources;
			sourceTree = "<group>";
		};
		1D02D9A027C3204E0056B91B /* MessageSender */ = {
			isa = PBXGroup;
			children = (
				1D02D99927C31F470056B91B /* MessageSenderError.swift */,
				1D02D99B27C31F630056B91B /* MessageSender.swift */,
				1D02D99D27C31FAE0056B91B /* MessageSenderService.swift */,
			);
			path = MessageSender;
			sourceTree = "<group>";
		};
		1D8C7B9627C3E47100FCA1BA /* Extensions */ = {
			isa = PBXGroup;
			children = (
				1D02D9A327C323440056B91B /* XCTestCase+Extensions.swift */,
			);
			path = Extensions;
			sourceTree = "<group>";
		};
		1D8C7B9727C3E48100FCA1BA /* Mocks */ = {
			isa = PBXGroup;
			children = (
				1D02D9A127C322E50056B91B /* MessageSenderMock.swift */,
			);
			path = Mocks;
			sourceTree = "<group>";
		};
		1D8C7B9827C3E48600FCA1BA /* Tests */ = {
			isa = PBXGroup;
			children = (
				1D02D97927C316010056B91B /* SendMessageViewModelTests.swift */,
			);
			path = Tests;
			sourceTree = "<group>";
		};
/* End PBXGroup section */

/* Begin PBXNativeTarget section */
		1D02D96427C315FF0056B91B /* Async-Wait-UnitTest */ = {
			isa = PBXNativeTarget;
			buildConfigurationList = 1D02D98927C316010056B91B /* Build configuration list for PBXNativeTarget "Async-Wait-UnitTest" */;
			buildPhases = (
				1D02D96127C315FF0056B91B /* Sources */,
				1D02D96227C315FF0056B91B /* Frameworks */,
				1D02D96327C315FF0056B91B /* Resources */,
			);
			buildRules = (
			);
			dependencies = (
			);
			name = "Async-Wait-UnitTest";
			productName = "Async-Wait-UnitTest";
			productReference = 1D02D96527C315FF0056B91B /* Async-Wait-UnitTest.app */;
			productType = "com.apple.product-type.application";
		};
		1D02D97427C316010056B91B /* Async-Wait-UnitTestTests */ = {
			isa = PBXNativeTarget;
			buildConfigurationList = 1D02D98C27C316010056B91B /* Build configuration list for PBXNativeTarget "Async-Wait-UnitTestTests" */;
			buildPhases = (
				1D02D97127C316010056B91B /* Sources */,
				1D02D97227C316010056B91B /* Frameworks */,
				1D02D97327C316010056B91B /* Resources */,
			);
			buildRules = (
			);
			dependencies = (
				1D02D97727C316010056B91B /* PBXTargetDependency */,
			);
			name = "Async-Wait-UnitTestTests";
			productName = "Async-Wait-UnitTestTests";
			productReference = 1D02D97527C316010056B91B /* Async-Wait-UnitTestTests.xctest */;
			productType = "com.apple.product-type.bundle.unit-test";
		};
		1D02D97E27C316010056B91B /* Async-Wait-UnitTestUITests */ = {
			isa = PBXNativeTarget;
			buildConfigurationList = 1D02D98F27C316010056B91B /* Build configuration list for PBXNativeTarget "Async-Wait-UnitTestUITests" */;
			buildPhases = (
				1D02D97B27C316010056B91B /* Sources */,
				1D02D97C27C316010056B91B /* Frameworks */,
				1D02D97D27C316010056B91B /* Resources */,
			);
			buildRules = (
			);
			dependencies = (
				1D02D98127C316010056B91B /* PBXTargetDependency */,
			);
			name = "Async-Wait-UnitTestUITests";
			productName = "Async-Wait-UnitTestUITests";
			productReference = 1D02D97F27C316010056B91B /* Async-Wait-UnitTestUITests.xctest */;
			productType = "com.apple.product-type.bundle.ui-testing";
		};
/* End PBXNativeTarget section */

/* Begin PBXProject section */
		1D02D95D27C315FF0056B91B /* Project object */ = {
			isa = PBXProject;
			attributes = {
				BuildIndependentTargetsInParallel = 1;
				LastSwiftUpdateCheck = 1320;
				LastUpgradeCheck = 1320;
				TargetAttributes = {
					1D02D96427C315FF0056B91B = {
						CreatedOnToolsVersion = 13.2.1;
					};
					1D02D97427C316010056B91B = {
						CreatedOnToolsVersion = 13.2.1;
						TestTargetID = 1D02D96427C315FF0056B91B;
					};
					1D02D97E27C316010056B91B = {
						CreatedOnToolsVersion = 13.2.1;
						TestTargetID = 1D02D96427C315FF0056B91B;
					};
				};
			};
			buildConfigurationList = 1D02D96027C315FF0056B91B /* Build configuration list for PBXProject "Async-Wait-UnitTest" */;
			compatibilityVersion = "Xcode 13.0";
			developmentRegion = en;
			hasScannedForEncodings = 0;
			knownRegions = (
				en,
				Base,
			);
			mainGroup = 1D02D95C27C315FF0056B91B;
			productRefGroup = 1D02D96627C315FF0056B91B /* Products */;
			projectDirPath = "";
			projectRoot = "";
			targets = (
				1D02D96427C315FF0056B91B /* Async-Wait-UnitTest */,
				1D02D97427C316010056B91B /* Async-Wait-UnitTestTests */,
				1D02D97E27C316010056B91B /* Async-Wait-UnitTestUITests */,
			);
		};
/* End PBXProject section */

/* Begin PBXResourcesBuildPhase section */
		1D02D96327C315FF0056B91B /* Resources */ = {
			isa = PBXResourcesBuildPhase;
			buildActionMask = 2147483647;
			files = (
				1D02D97027C316010056B91B /* Preview Assets.xcassets in Resources */,
				1D02D96D27C316010056B91B /* Assets.xcassets in Resources */,
			);
			runOnlyForDeploymentPostprocessing = 0;
		};
		1D02D97327C316010056B91B /* Resources */ = {
			isa = PBXResourcesBuildPhase;
			buildActionMask = 2147483647;
			files = (
			);
			runOnlyForDeploymentPostprocessing = 0;
		};
		1D02D97D27C316010056B91B /* Resources */ = {
			isa = PBXResourcesBuildPhase;
			buildActionMask = 2147483647;
			files = (
			);
			runOnlyForDeploymentPostprocessing = 0;
		};
/* End PBXResourcesBuildPhase section */

/* Begin PBXSourcesBuildPhase section */
		1D02D96127C315FF0056B91B /* Sources */ = {
			isa = PBXSourcesBuildPhase;
			buildActionMask = 2147483647;
			files = (
				1D02D99727C31F0B0056B91B /* MainBuilder.swift in Sources */,
				1D02D99327C316660056B91B /* SendMessageViewModel.swift in Sources */,
				1D02D99A27C31F470056B91B /* MessageSenderError.swift in Sources */,
				1D02D99E27C31FAE0056B91B /* MessageSenderService.swift in Sources */,
				1D02D96B27C315FF0056B91B /* SendMessageView.swift in Sources */,
				1D02D99C27C31F630056B91B /* MessageSender.swift in Sources */,
				1D02D96927C315FF0056B91B /* Async_Wait_UnitTestApp.swift in Sources */,
			);
			runOnlyForDeploymentPostprocessing = 0;
		};
		1D02D97127C316010056B91B /* Sources */ = {
			isa = PBXSourcesBuildPhase;
			buildActionMask = 2147483647;
			files = (
				1D02D9A227C322E50056B91B /* MessageSenderMock.swift in Sources */,
				1D02D9A427C323440056B91B /* XCTestCase+Extensions.swift in Sources */,
				1D02D97A27C316010056B91B /* SendMessageViewModelTests.swift in Sources */,
			);
			runOnlyForDeploymentPostprocessing = 0;
		};
		1D02D97B27C316010056B91B /* Sources */ = {
			isa = PBXSourcesBuildPhase;
			buildActionMask = 2147483647;
			files = (
				1D02D98627C316010056B91B /* Async_Wait_UnitTestUITestsLaunchTests.swift in Sources */,
				1D02D98427C316010056B91B /* Async_Wait_UnitTestUITests.swift in Sources */,
			);
			runOnlyForDeploymentPostprocessing = 0;
		};
/* End PBXSourcesBuildPhase section */

/* Begin PBXTargetDependency section */
		1D02D97727C316010056B91B /* PBXTargetDependency */ = {
			isa = PBXTargetDependency;
			target = 1D02D96427C315FF0056B91B /* Async-Wait-UnitTest */;
			targetProxy = 1D02D97627C316010056B91B /* PBXContainerItemProxy */;
		};
		1D02D98127C316010056B91B /* PBXTargetDependency */ = {
			isa = PBXTargetDependency;
			target = 1D02D96427C315FF0056B91B /* Async-Wait-UnitTest */;
			targetProxy = 1D02D98027C316010056B91B /* PBXContainerItemProxy */;
		};
/* End PBXTargetDependency section */

/* Begin XCBuildConfiguration section */
		1D02D98727C316010056B91B /* Debug */ = {
			isa = XCBuildConfiguration;
			buildSettings = {
				ALWAYS_SEARCH_USER_PATHS = NO;
				CLANG_ANALYZER_NONNULL = YES;
				CLANG_ANALYZER_NUMBER_OBJECT_CONVERSION = YES_AGGRESSIVE;
				CLANG_CXX_LANGUAGE_STANDARD = "gnu++17";
				CLANG_CXX_LIBRARY = "libc++";
				CLANG_ENABLE_MODULES = YES;
				CLANG_ENABLE_OBJC_ARC = YES;
				CLANG_ENABLE_OBJC_WEAK = YES;
				CLANG_WARN_BLOCK_CAPTURE_AUTORELEASING = YES;
				CLANG_WARN_BOOL_CONVERSION = YES;
				CLANG_WARN_COMMA = YES;
				CLANG_WARN_CONSTANT_CONVERSION = YES;
				CLANG_WARN_DEPRECATED_OBJC_IMPLEMENTATIONS = YES;
				CLANG_WARN_DIRECT_OBJC_ISA_USAGE = YES_ERROR;
				CLANG_WARN_DOCUMENTATION_COMMENTS = YES;
				CLANG_WARN_EMPTY_BODY = YES;
				CLANG_WARN_ENUM_CONVERSION = YES;
				CLANG_WARN_INFINITE_RECURSION = YES;
				CLANG_WARN_INT_CONVERSION = YES;
				CLANG_WARN_NON_LITERAL_NULL_CONVERSION = YES;
				CLANG_WARN_OBJC_IMPLICIT_RETAIN_SELF = YES;
				CLANG_WARN_OBJC_LITERAL_CONVERSION = YES;
				CLANG_WARN_OBJC_ROOT_CLASS = YES_ERROR;
				CLANG_WARN_QUOTED_INCLUDE_IN_FRAMEWORK_HEADER = YES;
				CLANG_WARN_RANGE_LOOP_ANALYSIS = YES;
				CLANG_WARN_STRICT_PROTOTYPES = YES;
				CLANG_WARN_SUSPICIOUS_MOVE = YES;
				CLANG_WARN_UNGUARDED_AVAILABILITY = YES_AGGRESSIVE;
				CLANG_WARN_UNREACHABLE_CODE = YES;
				CLANG_WARN__DUPLICATE_METHOD_MATCH = YES;
				COPY_PHASE_STRIP = NO;
				DEBUG_INFORMATION_FORMAT = dwarf;
				ENABLE_STRICT_OBJC_MSGSEND = YES;
				ENABLE_TESTABILITY = YES;
				GCC_C_LANGUAGE_STANDARD = gnu11;
				GCC_DYNAMIC_NO_PIC = NO;
				GCC_NO_COMMON_BLOCKS = YES;
				GCC_OPTIMIZATION_LEVEL = 0;
				GCC_PREPROCESSOR_DEFINITIONS = (
					"DEBUG=1",
					"$(inherited)",
				);
				GCC_WARN_64_TO_32_BIT_CONVERSION = YES;
				GCC_WARN_ABOUT_RETURN_TYPE = YES_ERROR;
				GCC_WARN_UNDECLARED_SELECTOR = YES;
				GCC_WARN_UNINITIALIZED_AUTOS = YES_AGGRESSIVE;
				GCC_WARN_UNUSED_FUNCTION = YES;
				GCC_WARN_UNUSED_VARIABLE = YES;
				IPHONEOS_DEPLOYMENT_TARGET = 15.2;
				MTL_ENABLE_DEBUG_INFO = INCLUDE_SOURCE;
				MTL_FAST_MATH = YES;
				ONLY_ACTIVE_ARCH = YES;
				SDKROOT = iphoneos;
				SWIFT_ACTIVE_COMPILATION_CONDITIONS = DEBUG;
				SWIFT_OPTIMIZATION_LEVEL = "-Onone";
			};
			name = Debug;
		};
		1D02D98827C316010056B91B /* Release */ = {
			isa = XCBuildConfiguration;
			buildSettings = {
				ALWAYS_SEARCH_USER_PATHS = NO;
				CLANG_ANALYZER_NONNULL = YES;
				CLANG_ANALYZER_NUMBER_OBJECT_CONVERSION = YES_AGGRESSIVE;
				CLANG_CXX_LANGUAGE_STANDARD = "gnu++17";
				CLANG_CXX_LIBRARY = "libc++";
				CLANG_ENABLE_MODULES = YES;
				CLANG_ENABLE_OBJC_ARC = YES;
				CLANG_ENABLE_OBJC_WEAK = YES;
				CLANG_WARN_BLOCK_CAPTURE_AUTORELEASING = YES;
				CLANG_WARN_BOOL_CONVERSION = YES;
				CLANG_WARN_COMMA = YES;
				CLANG_WARN_CONSTANT_CONVERSION = YES;
				CLANG_WARN_DEPRECATED_OBJC_IMPLEMENTATIONS = YES;
				CLANG_WARN_DIRECT_OBJC_ISA_USAGE = YES_ERROR;
				CLANG_WARN_DOCUMENTATION_COMMENTS = YES;
				CLANG_WARN_EMPTY_BODY = YES;
				CLANG_WARN_ENUM_CONVERSION = YES;
				CLANG_WARN_INFINITE_RECURSION = YES;
				CLANG_WARN_INT_CONVERSION = YES;
				CLANG_WARN_NON_LITERAL_NULL_CONVERSION = YES;
				CLANG_WARN_OBJC_IMPLICIT_RETAIN_SELF = YES;
				CLANG_WARN_OBJC_LITERAL_CONVERSION = YES;
				CLANG_WARN_OBJC_ROOT_CLASS = YES_ERROR;
				CLANG_WARN_QUOTED_INCLUDE_IN_FRAMEWORK_HEADER = YES;
				CLANG_WARN_RANGE_LOOP_ANALYSIS = YES;
				CLANG_WARN_STRICT_PROTOTYPES = YES;
				CLANG_WARN_SUSPICIOUS_MOVE = YES;
				CLANG_WARN_UNGUARDED_AVAILABILITY = YES_AGGRESSIVE;
				CLANG_WARN_UNREACHABLE_CODE = YES;
				CLANG_WARN__DUPLICATE_METHOD_MATCH = YES;
				COPY_PHASE_STRIP = NO;
				DEBUG_INFORMATION_FORMAT = "dwarf-with-dsym";
				ENABLE_NS_ASSERTIONS = NO;
				ENABLE_STRICT_OBJC_MSGSEND = YES;
				GCC_C_LANGUAGE_STANDARD = gnu11;
				GCC_NO_COMMON_BLOCKS = YES;
				GCC_WARN_64_TO_32_BIT_CONVERSION = YES;
				GCC_WARN_ABOUT_RETURN_TYPE = YES_ERROR;
				GCC_WARN_UNDECLARED_SELECTOR = YES;
				GCC_WARN_UNINITIALIZED_AUTOS = YES_AGGRESSIVE;
				GCC_WARN_UNUSED_FUNCTION = YES;
				GCC_WARN_UNUSED_VARIABLE = YES;
				IPHONEOS_DEPLOYMENT_TARGET = 15.2;
				MTL_ENABLE_DEBUG_INFO = NO;
				MTL_FAST_MATH = YES;
				SDKROOT = iphoneos;
				SWIFT_COMPILATION_MODE = wholemodule;
				SWIFT_OPTIMIZATION_LEVEL = "-O";
				VALIDATE_PRODUCT = YES;
			};
			name = Release;
		};
		1D02D98A27C316010056B91B /* Debug */ = {
			isa = XCBuildConfiguration;
			buildSettings = {
				ASSETCATALOG_COMPILER_APPICON_NAME = AppIcon;
				ASSETCATALOG_COMPILER_GLOBAL_ACCENT_COLOR_NAME = AccentColor;
				CODE_SIGN_STYLE = Automatic;
				CURRENT_PROJECT_VERSION = 1;
				DEVELOPMENT_ASSET_PATHS = "\"Async-Wait-UnitTest/Preview Content\"";
				DEVELOPMENT_TEAM = V2686JM7D9;
				ENABLE_PREVIEWS = YES;
				GENERATE_INFOPLIST_FILE = YES;
				INFOPLIST_KEY_UIApplicationSceneManifest_Generation = YES;
				INFOPLIST_KEY_UIApplicationSupportsIndirectInputEvents = YES;
				INFOPLIST_KEY_UILaunchScreen_Generation = YES;
				INFOPLIST_KEY_UISupportedInterfaceOrientations_iPad = "UIInterfaceOrientationPortrait UIInterfaceOrientationPortraitUpsideDown UIInterfaceOrientationLandscapeLeft UIInterfaceOrientationLandscapeRight";
				INFOPLIST_KEY_UISupportedInterfaceOrientations_iPhone = "UIInterfaceOrientationPortrait UIInterfaceOrientationLandscapeLeft UIInterfaceOrientationLandscapeRight";
				LD_RUNPATH_SEARCH_PATHS = (
					"$(inherited)",
					"@executable_path/Frameworks",
				);
				MARKETING_VERSION = 1.0;
				PRODUCT_BUNDLE_IDENTIFIER = "br.com.mfelipesp.Async-Wait-UnitTest";
				PRODUCT_NAME = "$(TARGET_NAME)";
				SWIFT_EMIT_LOC_STRINGS = YES;
				SWIFT_VERSION = 5.0;
				TARGETED_DEVICE_FAMILY = "1,2";
			};
			name = Debug;
		};
		1D02D98B27C316010056B91B /* Release */ = {
			isa = XCBuildConfiguration;
			buildSettings = {
				ASSETCATALOG_COMPILER_APPICON_NAME = AppIcon;
				ASSETCATALOG_COMPILER_GLOBAL_ACCENT_COLOR_NAME = AccentColor;
				CODE_SIGN_STYLE = Automatic;
				CURRENT_PROJECT_VERSION = 1;
				DEVELOPMENT_ASSET_PATHS = "\"Async-Wait-UnitTest/Preview Content\"";
				DEVELOPMENT_TEAM = V2686JM7D9;
				ENABLE_PREVIEWS = YES;
				GENERATE_INFOPLIST_FILE = YES;
				INFOPLIST_KEY_UIApplicationSceneManifest_Generation = YES;
				INFOPLIST_KEY_UIApplicationSupportsIndirectInputEvents = YES;
				INFOPLIST_KEY_UILaunchScreen_Generation = YES;
				INFOPLIST_KEY_UISupportedInterfaceOrientations_iPad = "UIInterfaceOrientationPortrait UIInterfaceOrientationPortraitUpsideDown UIInterfaceOrientationLandscapeLeft UIInterfaceOrientationLandscapeRight";
				INFOPLIST_KEY_UISupportedInterfaceOrientations_iPhone = "UIInterfaceOrientationPortrait UIInterfaceOrientationLandscapeLeft UIInterfaceOrientationLandscapeRight";
				LD_RUNPATH_SEARCH_PATHS = (
					"$(inherited)",
					"@executable_path/Frameworks",
				);
				MARKETING_VERSION = 1.0;
				PRODUCT_BUNDLE_IDENTIFIER = "br.com.mfelipesp.Async-Wait-UnitTest";
				PRODUCT_NAME = "$(TARGET_NAME)";
				SWIFT_EMIT_LOC_STRINGS = YES;
				SWIFT_VERSION = 5.0;
				TARGETED_DEVICE_FAMILY = "1,2";
			};
			name = Release;
		};
		1D02D98D27C316010056B91B /* Debug */ = {
			isa = XCBuildConfiguration;
			buildSettings = {
				ALWAYS_EMBED_SWIFT_STANDARD_LIBRARIES = YES;
				BUNDLE_LOADER = "$(TEST_HOST)";
				CODE_SIGN_STYLE = Automatic;
				CURRENT_PROJECT_VERSION = 1;
				DEVELOPMENT_TEAM = V2686JM7D9;
				GENERATE_INFOPLIST_FILE = YES;
				IPHONEOS_DEPLOYMENT_TARGET = 15.2;
				MARKETING_VERSION = 1.0;
				PRODUCT_BUNDLE_IDENTIFIER = "br.com.mfelipesp.Async-Wait-UnitTestTests";
				PRODUCT_NAME = "$(TARGET_NAME)";
				SWIFT_EMIT_LOC_STRINGS = NO;
				SWIFT_VERSION = 5.0;
				TARGETED_DEVICE_FAMILY = "1,2";
				TEST_HOST = "$(BUILT_PRODUCTS_DIR)/Async-Wait-UnitTest.app/Async-Wait-UnitTest";
			};
			name = Debug;
		};
		1D02D98E27C316010056B91B /* Release */ = {
			isa = XCBuildConfiguration;
			buildSettings = {
				ALWAYS_EMBED_SWIFT_STANDARD_LIBRARIES = YES;
				BUNDLE_LOADER = "$(TEST_HOST)";
				CODE_SIGN_STYLE = Automatic;
				CURRENT_PROJECT_VERSION = 1;
				DEVELOPMENT_TEAM = V2686JM7D9;
				GENERATE_INFOPLIST_FILE = YES;
				IPHONEOS_DEPLOYMENT_TARGET = 15.2;
				MARKETING_VERSION = 1.0;
				PRODUCT_BUNDLE_IDENTIFIER = "br.com.mfelipesp.Async-Wait-UnitTestTests";
				PRODUCT_NAME = "$(TARGET_NAME)";
				SWIFT_EMIT_LOC_STRINGS = NO;
				SWIFT_VERSION = 5.0;
				TARGETED_DEVICE_FAMILY = "1,2";
				TEST_HOST = "$(BUILT_PRODUCTS_DIR)/Async-Wait-UnitTest.app/Async-Wait-UnitTest";
			};
			name = Release;
		};
		1D02D99027C316010056B91B /* Debug */ = {
			isa = XCBuildConfiguration;
			buildSettings = {
				ALWAYS_EMBED_SWIFT_STANDARD_LIBRARIES = YES;
				CODE_SIGN_STYLE = Automatic;
				CURRENT_PROJECT_VERSION = 1;
				DEVELOPMENT_TEAM = V2686JM7D9;
				GENERATE_INFOPLIST_FILE = YES;
				MARKETING_VERSION = 1.0;
				PRODUCT_BUNDLE_IDENTIFIER = "br.com.mfelipesp.Async-Wait-UnitTestUITests";
				PRODUCT_NAME = "$(TARGET_NAME)";
				SWIFT_EMIT_LOC_STRINGS = NO;
				SWIFT_VERSION = 5.0;
				TARGETED_DEVICE_FAMILY = "1,2";
				TEST_TARGET_NAME = "Async-Wait-UnitTest";
			};
			name = Debug;
		};
		1D02D99127C316010056B91B /* Release */ = {
			isa = XCBuildConfiguration;
			buildSettings = {
				ALWAYS_EMBED_SWIFT_STANDARD_LIBRARIES = YES;
				CODE_SIGN_STYLE = Automatic;
				CURRENT_PROJECT_VERSION = 1;
				DEVELOPMENT_TEAM = V2686JM7D9;
				GENERATE_INFOPLIST_FILE = YES;
				MARKETING_VERSION = 1.0;
				PRODUCT_BUNDLE_IDENTIFIER = "br.com.mfelipesp.Async-Wait-UnitTestUITests";
				PRODUCT_NAME = "$(TARGET_NAME)";
				SWIFT_EMIT_LOC_STRINGS = NO;
				SWIFT_VERSION = 5.0;
				TARGETED_DEVICE_FAMILY = "1,2";
				TEST_TARGET_NAME = "Async-Wait-UnitTest";
			};
			name = Release;
		};
/* End XCBuildConfiguration section */

/* Begin XCConfigurationList section */
		1D02D96027C315FF0056B91B /* Build configuration list for PBXProject "Async-Wait-UnitTest" */ = {
			isa = XCConfigurationList;
			buildConfigurations = (
				1D02D98727C316010056B91B /* Debug */,
				1D02D98827C316010056B91B /* Release */,
			);
			defaultConfigurationIsVisible = 0;
			defaultConfigurationName = Release;
		};
		1D02D98927C316010056B91B /* Build configuration list for PBXNativeTarget "Async-Wait-UnitTest" */ = {
			isa = XCConfigurationList;
			buildConfigurations = (
				1D02D98A27C316010056B91B /* Debug */,
				1D02D98B27C316010056B91B /* Release */,
			);
			defaultConfigurationIsVisible = 0;
			defaultConfigurationName = Release;
		};
		1D02D98C27C316010056B91B /* Build configuration list for PBXNativeTarget "Async-Wait-UnitTestTests" */ = {
			isa = XCConfigurationList;
			buildConfigurations = (
				1D02D98D27C316010056B91B /* Debug */,
				1D02D98E27C316010056B91B /* Release */,
			);
			defaultConfigurationIsVisible = 0;
			defaultConfigurationName = Release;
		};
		1D02D98F27C316010056B91B /* Build configuration list for PBXNativeTarget "Async-Wait-UnitTestUITests" */ = {
			isa = XCConfigurationList;
			buildConfigurations = (
				1D02D99027C316010056B91B /* Debug */,
				1D02D99127C316010056B91B /* Release */,
			);
			defaultConfigurationIsVisible = 0;
			defaultConfigurationName = Release;
		};
/* End XCConfigurationList section */
	};
	rootObject = 1D02D95D27C315FF0056B91B /* Project object */;
}
